# Source with: set -a; . ./versions.lock; set +a
PADM_LOCK_SCHEMA=1
PADM_LOCK_PLATFORM_AMD64=linux/amd64
PADM_LOCK_PLATFORM_ARM64=linux/arm64
PADM_LOCK_VERSION=3.5.2
PADM_LOCK_SOURCE_URL=https://github.com/neil1123-vip/padm

PADM_LOCK_ALPINE_VERSION=3.24.1
PADM_LOCK_ALPINE_BASE=alpine:3.24.1@sha256:28bd5fe8b56d1bd048e5babf5b10710ebe0bae67db86916198a6eec434943f8b
PADM_LOCK_CA_CERTIFICATES_VERSION=20260611-r0
PADM_LOCK_GCOMPAT_VERSION=1.1.0-r4

PADM_LOCK_XRAY_VERSION=v26.3.27
PADM_LOCK_XRAY_AMD64_ASSET=Xray-linux-64.zip
PADM_LOCK_XRAY_AMD64_SHA256=23cd9af937744d97776ee35ecad4972cf4b2109d1e0fe6be9930467608f7c8ae
PADM_LOCK_XRAY_ARM64_ASSET=Xray-linux-arm64-v8a.zip
PADM_LOCK_XRAY_ARM64_SHA256=4d30283ae614e3057f730f67cd088a42be6fdf91f8639d82cb69e48cde80413c
PADM_LOCK_UNZIP_VERSION=6.0-r16

PADM_LOCK_SING_BOX_VERSION=v1.13.19
PADM_LOCK_SING_BOX_AMD64_ASSET=sing-box-1.13.19-linux-amd64.tar.gz
PADM_LOCK_SING_BOX_AMD64_SHA256=ef88a9e577d474210867bd708933d042e9b70106529df2656182c9db90106aa1
PADM_LOCK_SING_BOX_ARM64_ASSET=sing-box-1.13.19-linux-arm64.tar.gz
PADM_LOCK_SING_BOX_ARM64_SHA256=7fe3597a95a3c5ad67477b1d7653b9ce097e0be7c676758eba1fcf558f353d57

PADM_LOCK_NGINX_VERSION=1.30.4
PADM_LOCK_NGINX_PACKAGE_VERSION=1.30.4-r1

PADM_LOCK_ACME_SH_VERSION=3.1.4
PADM_LOCK_ACME_SH_URL=https://codeload.github.com/acmesh-official/acme.sh/tar.gz/refs/tags/3.1.4
PADM_LOCK_ACME_SH_SHA256=e5f8e187bbf5251e0cd8891f2622daab9850366bd17bea9f92c2fe2ee091fd32
PADM_LOCK_PYTHON3_VERSION=3.14.7-r1
PADM_LOCK_OPENSSL_VERSION=3.5.7-r0
PADM_LOCK_SOCAT_VERSION=1.8.1.3-r0

PADM_LOCK_BASH_VERSION=5.3.9-r1
PADM_LOCK_IPROUTE2_VERSION=7.0.0-r0
PADM_LOCK_IPTABLES_VERSION=1.8.13-r0
PADM_LOCK_NFTABLES_VERSION=1.1.6-r1
PADM_LOCK_WIREGUARD_TOOLS_VERSION=1.0.20260223-r0
PADM_LOCK_FAIL2BAN_VERSION=1.1.0-r3

PADM_LOCK_PATCHES=none
